// !$*UTF8*$!
{
	archiveVersion = 1;
	classes = {
	};
	objectVersion = 50;
	objects = {

/* Begin PBXBuildFile section */
		E29F47C8251DFADD00ACAA5A /* AppDelegate.swift in Sources */ = {isa = PBXBuildFile; fileRef = E29F47C7251DFADD00ACAA5A /* AppDelegate.swift */; };
		E29F47CA251DFADD00ACAA5A /* SceneDelegate.swift in Sources */ = {isa = PBXBuildFile; fileRef = E29F47C9251DFADD00ACAA5A /* SceneDelegate.swift */; };
		E29F47CF251DFADD00ACAA5A /* Main.storyboard in Resources */ = {isa = PBXBuildFile; fileRef = E29F47CD251DFADD00ACAA5A /* Main.storyboard */; };
		E29F47D1251DFADD00ACAA5A /* Assets.xcassets in Resources */ = {isa = PBXBuildFile; fileRef = E29F47D0251DFADD00ACAA5A /* Assets.xcassets */; };
		E29F47D4251DFADD00ACAA5A /* LaunchScreen.storyboard in Resources */ = {isa = PBXBuildFile; fileRef = E29F47D2251DFADD00ACAA5A /* LaunchScreen.storyboard */; };
		E29F47E0251E018100ACAA5A /* TabelViewController.swift in Sources */ = {isa = PBXBuildFile; fileRef = E29F47DF251E018100ACAA5A /* TabelViewController.swift */; };
		E29F47E4251E88AB00ACAA5A /* TabelViewCellStoryboardTableViewCell.swift in Sources */ = {isa = PBXBuildFile; fileRef = E29F47E3251E88AB00ACAA5A /* TabelViewCellStoryboardTableViewCell.swift */; };
		E29F484725216C0900ACAA5A /* TableViewCellXIB.swift in Sources */ = {isa = PBXBuildFile; fileRef = E29F484525216C0900ACAA5A /* TableViewCellXIB.swift */; };
		E29F484825216C0900ACAA5A /* TableViewCellXIB.xib in Resources */ = {isa = PBXBuildFile; fileRef = E29F484625216C0900ACAA5A /* TableViewCellXIB.xib */; };
		E29F484C2521713F00ACAA5A /* TableViewCell.swift in Sources */ = {isa = PBXBuildFile; fileRef = E29F484A2521713F00ACAA5A /* TableViewCell.swift */; };
		E29F484D2521713F00ACAA5A /* TableViewCell.xib in Resources */ = {isa = PBXBuildFile; fileRef = E29F484B2521713F00ACAA5A /* TableViewCell.xib */; };
		E29F48512521725800ACAA5A /* TableViewCellxib2.swift in Sources */ = {isa = PBXBuildFile; fileRef = E29F484F2521725800ACAA5A /* TableViewCellxib2.swift */; };
		E29F48522521725800ACAA5A /* TableViewCellxib2.xib in Resources */ = {isa = PBXBuildFile; fileRef = E29F48502521725800ACAA5A /* TableViewCellxib2.xib */; };
/* End PBXBuildFile section */

/* Begin PBXFileReference section */
		E29F47C4251DFADD00ACAA5A /* TabelViewCollectionViewSample1.app */ = {isa = PBXFileReference; explicitFileType = wrapper.application; includeInIndex = 0; path = TabelViewCollectionViewSample1.app; sourceTree = BUILT_PRODUCTS_DIR; };
		E29F47C7251DFADD00ACAA5A /* AppDelegate.swift */ = {isa = PBXFileReference; lastKnownFileType = sourcecode.swift; path = AppDelegate.swift; sourceTree = "<group>"; };
		E29F47C9251DFADD00ACAA5A /* SceneDelegate.swift */ = {isa = PBXFileReference; lastKnownFileType = sourcecode.swift; path = SceneDelegate.swift; sourceTree = "<group>"; };
		E29F47CE251DFADD00ACAA5A /* Base */ = {isa = PBXFileReference; lastKnownFileType = file.storyboard; name = Base; path = Base.lproj/Main.storyboard; sourceTree = "<group>"; };
		E29F47D0251DFADD00ACAA5A /* Assets.xcassets */ = {isa = PBXFileReference; lastKnownFileType = folder.assetcatalog; path = Assets.xcassets; sourceTree = "<group>"; };
		E29F47D3251DFADD00ACAA5A /* Base */ = {isa = PBXFileReference; lastKnownFileType = file.storyboard; name = Base; path = Base.lproj/LaunchScreen.storyboard; sourceTree = "<group>"; };
		E29F47D5251DFADD00ACAA5A /* Info.plist */ = {isa = PBXFileReference; lastKnownFileType = text.plist.xml; path = Info.plist; sourceTree = "<group>"; };
		E29F47DF251E018100ACAA5A /* TabelViewController.swift */ = {isa = PBXFileReference; lastKnownFileType = sourcecode.swift; path = TabelViewController.swift; sourceTree = "<group>"; };
		E29F47E3251E88AB00ACAA5A /* TabelViewCellStoryboardTableViewCell.swift */ = {isa = PBXFileReference; lastKnownFileType = sourcecode.swift; path = TabelViewCellStoryboardTableViewCell.swift; sourceTree = "<group>"; };
		E29F484525216C0900ACAA5A /* TableViewCellXIB.swift */ = {isa = PBXFileReference; lastKnownFileType = sourcecode.swift; path = TableViewCellXIB.swift; sourceTree = "<group>"; };
		E29F484625216C0900ACAA5A /* TableViewCellXIB.xib */ = {isa = PBXFileReference; lastKnownFileType = file.xib; path = TableViewCellXIB.xib; sourceTree = "<group>"; };
		E29F484A2521713F00ACAA5A /* TableViewCell.swift */ = {isa = PBXFileReference; lastKnownFileType = sourcecode.swift; path = TableViewCell.swift; sourceTree = "<group>"; };
		E29F484B2521713F00ACAA5A /* TableViewCell.xib */ = {isa = PBXFileReference; lastKnownFileType = file.xib; path = TableViewCell.xib; sourceTree = "<group>"; };
		E29F484F2521725800ACAA5A /* TableViewCellxib2.swift */ = {isa = PBXFileReference; lastKnownFileType = sourcecode.swift; path = TableViewCellxib2.swift; sourceTree = "<group>"; };
		E29F48502521725800ACAA5A /* TableViewCellxib2.xib */ = {isa = PBXFileReference; lastKnownFileType = file.xib; path = TableViewCellxib2.xib; sourceTree = "<group>"; };
/* End PBXFileReference section */

/* Begin PBXFrameworksBuildPhase section */
		E29F47C1251DFADD00ACAA5A /* Frameworks */ = {
			isa = PBXFrameworksBuildPhase;
			buildActionMask = 2147483647;
			files = (
			);
			runOnlyForDeploymentPostprocessing = 0;
		};
/* End PBXFrameworksBuildPhase section */

/* Begin PBXGroup section */
		E29F47BB251DFADD00ACAA5A = {
			isa = PBXGroup;
			children = (
				E29F47C6251DFADD00ACAA5A /* TabelViewCollectionViewSample1 */,
				E29F47C5251DFADD00ACAA5A /* Products */,
			);
			sourceTree = "<group>";
		};
		E29F47C5251DFADD00ACAA5A /* Products */ = {
			isa = PBXGroup;
			children = (
				E29F47C4251DFADD00ACAA5A /* TabelViewCollectionViewSample1.app */,
			);
			name = Products;
			sourceTree = "<group>";
		};
		E29F47C6251DFADD00ACAA5A /* TabelViewCollectionViewSample1 */ = {
			isa = PBXGroup;
			children = (
				E29F47DD251E007100ACAA5A /* TabelView */,
				E29F47DE251E00AD00ACAA5A /* CollectionView */,
				E29F47C7251DFADD00ACAA5A /* AppDelegate.swift */,
				E29F47C9251DFADD00ACAA5A /* SceneDelegate.swift */,
				E29F47CD251DFADD00ACAA5A /* Main.storyboard */,
				E29F47D0251DFADD00ACAA5A /* Assets.xcassets */,
				E29F47D2251DFADD00ACAA5A /* LaunchScreen.storyboard */,
				E29F47D5251DFADD00ACAA5A /* Info.plist */,
			);
			path = TabelViewCollectionViewSample1;
			sourceTree = "<group>";
		};
		E29F47DD251E007100ACAA5A /* TabelView */ = {
			isa = PBXGroup;
			children = (
				E29F47DF251E018100ACAA5A /* TabelViewController.swift */,
				E29F47E2251E87F500ACAA5A /* Cells */,
			);
			path = TabelView;
			sourceTree = "<group>";
		};
		E29F47DE251E00AD00ACAA5A /* CollectionView */ = {
			isa = PBXGroup;
			children = (
				E29F484A2521713F00ACAA5A /* TableViewCell.swift */,
				E29F484B2521713F00ACAA5A /* TableViewCell.xib */,
			);
			path = CollectionView;
			sourceTree = "<group>";
		};
		E29F47E2251E87F500ACAA5A /* Cells */ = {
			isa = PBXGroup;
			children = (
				E29F47E3251E88AB00ACAA5A /* TabelViewCellStoryboardTableViewCell.swift */,
				E29F484525216C0900ACAA5A /* TableViewCellXIB.swift */,
				E29F484625216C0900ACAA5A /* TableViewCellXIB.xib */,
				E29F484F2521725800ACAA5A /* TableViewCellxib2.swift */,
				E29F48502521725800ACAA5A /* TableViewCellxib2.xib */,
			);
			path = Cells;
			sourceTree = "<group>";
		};
/* End PBXGroup section */

/* Begin PBXNativeTarget section */
		E29F47C3251DFADD00ACAA5A /* TabelViewCollectionViewSample1 */ = {
			isa = PBXNativeTarget;
			buildConfigurationList = E29F47D8251DFADD00ACAA5A /* Build configuration list for PBXNativeTarget "TabelViewCollectionViewSample1" */;
			buildPhases = (
				E29F47C0251DFADD00ACAA5A /* Sources */,
				E29F47C1251DFADD00ACAA5A /* Frameworks */,
				E29F47C2251DFADD00ACAA5A /* Resources */,
			);
			buildRules = (
			);
			dependencies = (
			);
			name = TabelViewCollectionViewSample1;
			productName = TabelViewCollectionViewSample1;
			productReference = E29F47C4251DFADD00ACAA5A /* TabelViewCollectionViewSample1.app */;
			productType = "com.apple.product-type.application";
		};
/* End PBXNativeTarget section */

/* Begin PBXProject section */
		E29F47BC251DFADD00ACAA5A /* Project object */ = {
			isa = PBXProject;
			attributes = {
				LastSwiftUpdateCheck = 1200;
				LastUpgradeCheck = 1200;
				TargetAttributes = {
					E29F47C3251DFADD00ACAA5A = {
						CreatedOnToolsVersion = 12.0.1;
					};
				};
			};
			buildConfigurationList = E29F47BF251DFADD00ACAA5A /* Build configuration list for PBXProject "TabelViewCollectionViewSample1" */;
			compatibilityVersion = "Xcode 9.3";
			developmentRegion = en;
			hasScannedForEncodings = 0;
			knownRegions = (
				en,
				Base,
			);
			mainGroup = E29F47BB251DFADD00ACAA5A;
			productRefGroup = E29F47C5251DFADD00ACAA5A /* Products */;
			projectDirPath = "";
			projectRoot = "";
			targets = (
				E29F47C3251DFADD00ACAA5A /* TabelViewCollectionViewSample1 */,
			);
		};
/* End PBXProject section */

/* Begin PBXResourcesBuildPhase section */
		E29F47C2251DFADD00ACAA5A /* Resources */ = {
			isa = PBXResourcesBuildPhase;
			buildActionMask = 2147483647;
			files = (
				E29F48522521725800ACAA5A /* TableViewCellxib2.xib in Resources */,
				E29F47D4251DFADD00ACAA5A /* LaunchScreen.storyboard in Resources */,
				E29F484D2521713F00ACAA5A /* TableViewCell.xib in Resources */,
				E29F47D1251DFADD00ACAA5A /* Assets.xcassets in Resources */,
				E29F47CF251DFADD00ACAA5A /* Main.storyboard in Resources */,
				E29F484825216C0900ACAA5A /* TableViewCellXIB.xib in Resources */,
			);
			runOnlyForDeploymentPostprocessing = 0;
		};
/* End PBXResourcesBuildPhase section */

/* Begin PBXSourcesBuildPhase section */
		E29F47C0251DFADD00ACAA5A /* Sources */ = {
			isa = PBXSourcesBuildPhase;
			buildActionMask = 2147483647;
			files = (
				E29F47E4251E88AB00ACAA5A /* TabelViewCellStoryboardTableViewCell.swift in Sources */,
				E29F47C8251DFADD00ACAA5A /* AppDelegate.swift in Sources */,
				E29F47CA251DFADD00ACAA5A /* SceneDelegate.swift in Sources */,
				E29F484C2521713F00ACAA5A /* TableViewCell.swift in Sources */,
				E29F48512521725800ACAA5A /* TableViewCellxib2.swift in Sources */,
				E29F47E0251E018100ACAA5A /* TabelViewController.swift in Sources */,
				E29F484725216C0900ACAA5A /* TableViewCellXIB.swift in Sources */,
			);
			runOnlyForDeploymentPostprocessing = 0;
		};
/* End PBXSourcesBuildPhase section */

/* Begin PBXVariantGroup section */
		E29F47CD251DFADD00ACAA5A /* Main.storyboard */ = {
			isa = PBXVariantGroup;
			children = (
				E29F47CE251DFADD00ACAA5A /* Base */,
			);
			name = Main.storyboard;
			sourceTree = "<group>";
		};
		E29F47D2251DFADD00ACAA5A /* LaunchScreen.storyboard */ = {
			isa = PBXVariantGroup;
			children = (
				E29F47D3251DFADD00ACAA5A /* Base */,
			);
			name = LaunchScreen.storyboard;
			sourceTree = "<group>";
		};
/* End PBXVariantGroup section */

/* Begin XCBuildConfiguration section */
		E29F47D6251DFADD00ACAA5A /* Debug */ = {
			isa = XCBuildConfiguration;
			buildSettings = {
				ALWAYS_SEARCH_USER_PATHS = NO;
				CLANG_ANALYZER_NONNULL = YES;
				CLANG_ANALYZER_NUMBER_OBJECT_CONVERSION = YES_AGGRESSIVE;
				CLANG_CXX_LANGUAGE_STANDARD = "gnu++14";
				CLANG_CXX_LIBRARY = "libc++";
				CLANG_ENABLE_MODULES = YES;
				CLANG_ENABLE_OBJC_ARC = YES;
				CLANG_ENABLE_OBJC_WEAK = YES;
				CLANG_WARN_BLOCK_CAPTURE_AUTORELEASING = YES;
				CLANG_WARN_BOOL_CONVERSION = YES;
				CLANG_WARN_COMMA = YES;
				CLANG_WARN_CONSTANT_CONVERSION = YES;
				CLANG_WARN_DEPRECATED_OBJC_IMPLEMENTATIONS = YES;
				CLANG_WARN_DIRECT_OBJC_ISA_USAGE = YES_ERROR;
				CLANG_WARN_DOCUMENTATION_COMMENTS = YES;
				CLANG_WARN_EMPTY_BODY = YES;
				CLANG_WARN_ENUM_CONVERSION = YES;
				CLANG_WARN_INFINITE_RECURSION = YES;
				CLANG_WARN_INT_CONVERSION = YES;
				CLANG_WARN_NON_LITERAL_NULL_CONVERSION = YES;
				CLANG_WARN_OBJC_IMPLICIT_RETAIN_SELF = YES;
				CLANG_WARN_OBJC_LITERAL_CONVERSION = YES;
				CLANG_WARN_OBJC_ROOT_CLASS = YES_ERROR;
				CLANG_WARN_QUOTED_INCLUDE_IN_FRAMEWORK_HEADER = YES;
				CLANG_WARN_RANGE_LOOP_ANALYSIS = YES;
				CLANG_WARN_STRICT_PROTOTYPES = YES;
				CLANG_WARN_SUSPICIOUS_MOVE = YES;
				CLANG_WARN_UNGUARDED_AVAILABILITY = YES_AGGRESSIVE;
				CLANG_WARN_UNREACHABLE_CODE = YES;
				CLANG_WARN__DUPLICATE_METHOD_MATCH = YES;
				COPY_PHASE_STRIP = NO;
				DEBUG_INFORMATION_FORMAT = dwarf;
				ENABLE_STRICT_OBJC_MSGSEND = YES;
				ENABLE_TESTABILITY = YES;
				GCC_C_LANGUAGE_STANDARD = gnu11;
				GCC_DYNAMIC_NO_PIC = NO;
				GCC_NO_COMMON_BLOCKS = YES;
				GCC_OPTIMIZATION_LEVEL = 0;
				GCC_PREPROCESSOR_DEFINITIONS = (
					"DEBUG=1",
					"$(inherited)",
				);
				GCC_WARN_64_TO_32_BIT_CONVERSION = YES;
				GCC_WARN_ABOUT_RETURN_TYPE = YES_ERROR;
				GCC_WARN_UNDECLARED_SELECTOR = YES;
				GCC_WARN_UNINITIALIZED_AUTOS = YES_AGGRESSIVE;
				GCC_WARN_UNUSED_FUNCTION = YES;
				GCC_WARN_UNUSED_VARIABLE = YES;
				IPHONEOS_DEPLOYMENT_TARGET = 14.0;
				MTL_ENABLE_DEBUG_INFO = INCLUDE_SOURCE;
				MTL_FAST_MATH = YES;
				ONLY_ACTIVE_ARCH = YES;
				SDKROOT = iphoneos;
				SWIFT_ACTIVE_COMPILATION_CONDITIONS = DEBUG;
				SWIFT_OPTIMIZATION_LEVEL = "-Onone";
			};
			name = Debug;
		};
		E29F47D7251DFADD00ACAA5A /* Release */ = {
			isa = XCBuildConfiguration;
			buildSettings = {
				ALWAYS_SEARCH_USER_PATHS = NO;
				CLANG_ANALYZER_NONNULL = YES;
				CLANG_ANALYZER_NUMBER_OBJECT_CONVERSION = YES_AGGRESSIVE;
				CLANG_CXX_LANGUAGE_STANDARD = "gnu++14";
				CLANG_CXX_LIBRARY = "libc++";
				CLANG_ENABLE_MODULES = YES;
				CLANG_ENABLE_OBJC_ARC = YES;
				CLANG_ENABLE_OBJC_WEAK = YES;
				CLANG_WARN_BLOCK_CAPTURE_AUTORELEASING = YES;
				CLANG_WARN_BOOL_CONVERSION = YES;
				CLANG_WARN_COMMA = YES;
				CLANG_WARN_CONSTANT_CONVERSION = YES;
				CLANG_WARN_DEPRECATED_OBJC_IMPLEMENTATIONS = YES;
				CLANG_WARN_DIRECT_OBJC_ISA_USAGE = YES_ERROR;
				CLANG_WARN_DOCUMENTATION_COMMENTS = YES;
				CLANG_WARN_EMPTY_BODY = YES;
				CLANG_WARN_ENUM_CONVERSION = YES;
				CLANG_WARN_INFINITE_RECURSION = YES;
				CLANG_WARN_INT_CONVERSION = YES;
				CLANG_WARN_NON_LITERAL_NULL_CONVERSION = YES;
				CLANG_WARN_OBJC_IMPLICIT_RETAIN_SELF = YES;
				CLANG_WARN_OBJC_LITERAL_CONVERSION = YES;
				CLANG_WARN_OBJC_ROOT_CLASS = YES_ERROR;
				CLANG_WARN_QUOTED_INCLUDE_IN_FRAMEWORK_HEADER = YES;
				CLANG_WARN_RANGE_LOOP_ANALYSIS = YES;
				CLANG_WARN_STRICT_PROTOTYPES = YES;
				CLANG_WARN_SUSPICIOUS_MOVE = YES;
				CLANG_WARN_UNGUARDED_AVAILABILITY = YES_AGGRESSIVE;
				CLANG_WARN_UNREACHABLE_CODE = YES;
				CLANG_WARN__DUPLICATE_METHOD_MATCH = YES;
				COPY_PHASE_STRIP = NO;
				DEBUG_INFORMATION_FORMAT = "dwarf-with-dsym";
				ENABLE_NS_ASSERTIONS = NO;
				ENABLE_STRICT_OBJC_MSGSEND = YES;
				GCC_C_LANGUAGE_STANDARD = gnu11;
				GCC_NO_COMMON_BLOCKS = YES;
				GCC_WARN_64_TO_32_BIT_CONVERSION = YES;
				GCC_WARN_ABOUT_RETURN_TYPE = YES_ERROR;
				GCC_WARN_UNDECLARED_SELECTOR = YES;
				GCC_WARN_UNINITIALIZED_AUTOS = YES_AGGRESSIVE;
				GCC_WARN_UNUSED_FUNCTION = YES;
				GCC_WARN_UNUSED_VARIABLE = YES;
				IPHONEOS_DEPLOYMENT_TARGET = 14.0;
				MTL_ENABLE_DEBUG_INFO = NO;
				MTL_FAST_MATH = YES;
				SDKROOT = iphoneos;
				SWIFT_COMPILATION_MODE = wholemodule;
				SWIFT_OPTIMIZATION_LEVEL = "-O";
				VALIDATE_PRODUCT = YES;
			};
			name = Release;
		};
		E29F47D9251DFADD00ACAA5A /* Debug */ = {
			isa = XCBuildConfiguration;
			buildSettings = {
				ASSETCATALOG_COMPILER_APPICON_NAME = AppIcon;
				ASSETCATALOG_COMPILER_GLOBAL_ACCENT_COLOR_NAME = AccentColor;
				CODE_SIGN_STYLE = Automatic;
				INFOPLIST_FILE = TabelViewCollectionViewSample1/Info.plist;
				LD_RUNPATH_SEARCH_PATHS = (
					"$(inherited)",
					"@executable_path/Frameworks",
				);
				PRODUCT_BUNDLE_IDENTIFIER = io.americancoding.TabelViewCollectionViewSample1;
				PRODUCT_NAME = "$(TARGET_NAME)";
				SWIFT_VERSION = 5.0;
				TARGETED_DEVICE_FAMILY = "1,2";
			};
			name = Debug;
		};
		E29F47DA251DFADD00ACAA5A /* Release */ = {
			isa = XCBuildConfiguration;
			buildSettings = {
				ASSETCATALOG_COMPILER_APPICON_NAME = AppIcon;
				ASSETCATALOG_COMPILER_GLOBAL_ACCENT_COLOR_NAME = AccentColor;
				CODE_SIGN_STYLE = Automatic;
				INFOPLIST_FILE = TabelViewCollectionViewSample1/Info.plist;
				LD_RUNPATH_SEARCH_PATHS = (
					"$(inherited)",
					"@executable_path/Frameworks",
				);
				PRODUCT_BUNDLE_IDENTIFIER = io.americancoding.TabelViewCollectionViewSample1;
				PRODUCT_NAME = "$(TARGET_NAME)";
				SWIFT_VERSION = 5.0;
				TARGETED_DEVICE_FAMILY = "1,2";
			};
			name = Release;
		};
/* End XCBuildConfiguration section */

/* Begin XCConfigurationList section */
		E29F47BF251DFADD00ACAA5A /* Build configuration list for PBXProject "TabelViewCollectionViewSample1" */ = {
			isa = XCConfigurationList;
			buildConfigurations = (
				E29F47D6251DFADD00ACAA5A /* Debug */,
				E29F47D7251DFADD00ACAA5A /* Release */,
			);
			defaultConfigurationIsVisible = 0;
			defaultConfigurationName = Release;
		};
		E29F47D8251DFADD00ACAA5A /* Build configuration list for PBXNativeTarget "TabelViewCollectionViewSample1" */ = {
			isa = XCConfigurationList;
			buildConfigurations = (
				E29F47D9251DFADD00ACAA5A /* Debug */,
				E29F47DA251DFADD00ACAA5A /* Release */,
			);
			defaultConfigurationIsVisible = 0;
			defaultConfigurationName = Release;
		};
/* End XCConfigurationList section */
	};
	rootObject = E29F47BC251DFADD00ACAA5A /* Project object */;
}
